
Microsoft Visual Studio Solution File, Format Version 12.00
# Visual Studio Version 17
VisualStudioVersion = 17.0.31903.59
MinimumVisualStudioVersion = 10.0.40219.1
Project("{2150E333-8FDC-42A3-9474-1A3956D46DE8}") = "src", "src", "{5B78F8DB-9D21-4FEF-8878-D8196218A52D}"
EndProject
Project("{FAE04EC0-301F-11D3-BF4B-00C04F79EFBC}") = "ForjaDeCuadros", "src\ForjaDeCuadros\ForjaDeCuadros.csproj", "{C8456C3E-ED56-4481-9198-00EA9E4FF74B}"
EndProject
Project("{2150E333-8FDC-42A3-9474-1A3956D46DE8}") = "tests", "tests", "{DF53100C-F1D7-416F-857E-2B2706D67D20}"
EndProject
Project("{FAE04EC0-301F-11D3-BF4B-00C04F79EFBC}") = "ForjaDeCuadros.Tests", "tests\ForjaDeCuadros.Tests\ForjaDeCuadros.Tests.csproj", "{62467AF6-8F14-485B-8715-707EE1DBE357}"
EndProject
Global
	GlobalSection(SolutionConfigurationPlatforms) = preSolution
		Debug|Any CPU = Debug|Any CPU
		Release|Any CPU = Release|Any CPU
	EndGlobalSection
	GlobalSection(SolutionProperties) = preSolution
		HideSolutionNode = FALSE
	EndGlobalSection
	GlobalSection(ProjectConfigurationPlatforms) = postSolution
		{C8456C3E-ED56-4481-9198-00EA9E4FF74B}.Debug|Any CPU.ActiveCfg = Debug|Any CPU
		{C8456C3E-ED56-4481-9198-00EA9E4FF74B}.Debug|Any CPU.Build.0 = Debug|Any CPU
		{C8456C3E-ED56-4481-9198-00EA9E4FF74B}.Release|Any CPU.ActiveCfg = Release|Any CPU
		{C8456C3E-ED56-4481-9198-00EA9E4FF74B}.Release|Any CPU.Build.0 = Release|Any CPU
		{62467AF6-8F14-485B-8715-707EE1DBE357}.Debug|Any CPU.ActiveCfg = Debug|Any CPU
		{62467AF6-8F14-485B-8715-707EE1DBE357}.Debug|Any CPU.Build.0 = Debug|Any CPU
		{62467AF6-8F14-485B-8715-707EE1DBE357}.Release|Any CPU.ActiveCfg = Release|Any CPU
		{62467AF6-8F14-485B-8715-707EE1DBE357}.Release|Any CPU.Build.0 = Release|Any CPU
	EndGlobalSection
	GlobalSection(NestedProjects) = preSolution
		{C8456C3E-ED56-4481-9198-00EA9E4FF74B} = {5B78F8DB-9D21-4FEF-8878-D8196218A52D}
		{62467AF6-8F14-485B-8715-707EE1DBE357} = {DF53100C-F1D7-416F-857E-2B2706D67D20}
	EndGlobalSection
EndGlobal
